// !$*UTF8*$!
{
	archiveVersion = 1;
	classes = {
	};
	objectVersion = 50;
	objects = {

/* Begin PBXBuildFile section */
		D3E2171324D30F820092E727 /* AppDelegate.swift in Sources */ = {isa = PBXBuildFile; fileRef = D3E2171224D30F820092E727 /* AppDelegate.swift */; };
		D3E2171524D30F820092E727 /* SceneDelegate.swift in Sources */ = {isa = PBXBuildFile; fileRef = D3E2171424D30F820092E727 /* SceneDelegate.swift */; };
		D3E2171724D30F820092E727 /* ViewController.swift in Sources */ = {isa = PBXBuildFile; fileRef = D3E2171624D30F820092E727 /* ViewController.swift */; };
		D3E2171A24D30F820092E727 /* Main.storyboard in Resources */ = {isa = PBXBuildFile; fileRef = D3E2171824D30F820092E727 /* Main.storyboard */; };
		D3E2171C24D30F830092E727 /* Assets.xcassets in Resources */ = {isa = PBXBuildFile; fileRef = D3E2171B24D30F830092E727 /* Assets.xcassets */; };
		D3E2171F24D30F830092E727 /* LaunchScreen.storyboard in Resources */ = {isa = PBXBuildFile; fileRef = D3E2171D24D30F830092E727 /* LaunchScreen.storyboard */; };
		D3E2172A24D30F830092E727 /* EmageConvertTests.swift in Sources */ = {isa = PBXBuildFile; fileRef = D3E2172924D30F830092E727 /* EmageConvertTests.swift */; };
		D3E2173524D30F830092E727 /* EmageConvertUITests.swift in Sources */ = {isa = PBXBuildFile; fileRef = D3E2173424D30F830092E727 /* EmageConvertUITests.swift */; };
/* End PBXBuildFile section */

/* Begin PBXContainerItemProxy section */
		D3E2172624D30F830092E727 /* PBXContainerItemProxy */ = {
			isa = PBXContainerItemProxy;
			containerPortal = D3E2170724D30F820092E727 /* Project object */;
			proxyType = 1;
			remoteGlobalIDString = D3E2170E24D30F820092E727;
			remoteInfo = EmageConvert;
		};
		D3E2173124D30F830092E727 /* PBXContainerItemProxy */ = {
			isa = PBXContainerItemProxy;
			containerPortal = D3E2170724D30F820092E727 /* Project object */;
			proxyType = 1;
			remoteGlobalIDString = D3E2170E24D30F820092E727;
			remoteInfo = EmageConvert;
		};
/* End PBXContainerItemProxy section */

/* Begin PBXFileReference section */
		D3E2170F24D30F820092E727 /* EmageConvert.app */ = {isa = PBXFileReference; explicitFileType = wrapper.application; includeInIndex = 0; path = EmageConvert.app; sourceTree = BUILT_PRODUCTS_DIR; };
		D3E2171224D30F820092E727 /* AppDelegate.swift */ = {isa = PBXFileReference; lastKnownFileType = sourcecode.swift; path = AppDelegate.swift; sourceTree = "<group>"; };
		D3E2171424D30F820092E727 /* SceneDelegate.swift */ = {isa = PBXFileReference; lastKnownFileType = sourcecode.swift; path = SceneDelegate.swift; sourceTree = "<group>"; };
		D3E2171624D30F820092E727 /* ViewController.swift */ = {isa = PBXFileReference; lastKnownFileType = sourcecode.swift; path = ViewController.swift; sourceTree = "<group>"; };
		D3E2171924D30F820092E727 /* Base */ = {isa = PBXFileReference; lastKnownFileType = file.storyboard; name = Base; path = Base.lproj/Main.storyboard; sourceTree = "<group>"; };
		D3E2171B24D30F830092E727 /* Assets.xcassets */ = {isa = PBXFileReference; lastKnownFileType = folder.assetcatalog; path = Assets.xcassets; sourceTree = "<group>"; };
		D3E2171E24D30F830092E727 /* Base */ = {isa = PBXFileReference; lastKnownFileType = file.storyboard; name = Base; path = Base.lproj/LaunchScreen.storyboard; sourceTree = "<group>"; };
		D3E2172024D30F830092E727 /* Info.plist */ = {isa = PBXFileReference; lastKnownFileType = text.plist.xml; path = Info.plist; sourceTree = "<group>"; };
		D3E2172524D30F830092E727 /* EmageConvertTests.xctest */ = {isa = PBXFileReference; explicitFileType = wrapper.cfbundle; includeInIndex = 0; path = EmageConvertTests.xctest; sourceTree = BUILT_PRODUCTS_DIR; };
		D3E2172924D30F830092E727 /* EmageConvertTests.swift */ = {isa = PBXFileReference; lastKnownFileType = sourcecode.swift; path = EmageConvertTests.swift; sourceTree = "<group>"; };
		D3E2172B24D30F830092E727 /* Info.plist */ = {isa = PBXFileReference; lastKnownFileType = text.plist.xml; path = Info.plist; sourceTree = "<group>"; };
		D3E2173024D30F830092E727 /* EmageConvertUITests.xctest */ = {isa = PBXFileReference; explicitFileType = wrapper.cfbundle; includeInIndex = 0; path = EmageConvertUITests.xctest; sourceTree = BUILT_PRODUCTS_DIR; };
		D3E2173424D30F830092E727 /* EmageConvertUITests.swift */ = {isa = PBXFileReference; lastKnownFileType = sourcecode.swift; path = EmageConvertUITests.swift; sourceTree = "<group>"; };
		D3E2173624D30F830092E727 /* Info.plist */ = {isa = PBXFileReference; lastKnownFileType = text.plist.xml; path = Info.plist; sourceTree = "<group>"; };
/* End PBXFileReference section */

/* Begin PBXFrameworksBuildPhase section */
		D3E2170C24D30F820092E727 /* Frameworks */ = {
			isa = PBXFrameworksBuildPhase;
			buildActionMask = 2147483647;
			files = (
			);
			runOnlyForDeploymentPostprocessing = 0;
		};
		D3E2172224D30F830092E727 /* Frameworks */ = {
			isa = PBXFrameworksBuildPhase;
			buildActionMask = 2147483647;
			files = (
			);
			runOnlyForDeploymentPostprocessing = 0;
		};
		D3E2172D24D30F830092E727 /* Frameworks */ = {
			isa = PBXFrameworksBuildPhase;
			buildActionMask = 2147483647;
			files = (
			);
			runOnlyForDeploymentPostprocessing = 0;
		};
/* End PBXFrameworksBuildPhase section */

/* Begin PBXGroup section */
		D3E2170624D30F820092E727 = {
			isa = PBXGroup;
			children = (
				D3E2171124D30F820092E727 /* EmageConvert */,
				D3E2172824D30F830092E727 /* EmageConvertTests */,
				D3E2173324D30F830092E727 /* EmageConvertUITests */,
				D3E2171024D30F820092E727 /* Products */,
			);
			sourceTree = "<group>";
		};
		D3E2171024D30F820092E727 /* Products */ = {
			isa = PBXGroup;
			children = (
				D3E2170F24D30F820092E727 /* EmageConvert.app */,
				D3E2172524D30F830092E727 /* EmageConvertTests.xctest */,
				D3E2173024D30F830092E727 /* EmageConvertUITests.xctest */,
			);
			name = Products;
			sourceTree = "<group>";
		};
		D3E2171124D30F820092E727 /* EmageConvert */ = {
			isa = PBXGroup;
			children = (
				D3E2171224D30F820092E727 /* AppDelegate.swift */,
				D3E2171424D30F820092E727 /* SceneDelegate.swift */,
				D3E2171624D30F820092E727 /* ViewController.swift */,
				D3E2171824D30F820092E727 /* Main.storyboard */,
				D3E2171B24D30F830092E727 /* Assets.xcassets */,
				D3E2171D24D30F830092E727 /* LaunchScreen.storyboard */,
				D3E2172024D30F830092E727 /* Info.plist */,
			);
			path = EmageConvert;
			sourceTree = "<group>";
		};
		D3E2172824D30F830092E727 /* EmageConvertTests */ = {
			isa = PBXGroup;
			children = (
				D3E2172924D30F830092E727 /* EmageConvertTests.swift */,
				D3E2172B24D30F830092E727 /* Info.plist */,
			);
			path = EmageConvertTests;
			sourceTree = "<group>";
		};
		D3E2173324D30F830092E727 /* EmageConvertUITests */ = {
			isa = PBXGroup;
			children = (
				D3E2173424D30F830092E727 /* EmageConvertUITests.swift */,
				D3E2173624D30F830092E727 /* Info.plist */,
			);
			path = EmageConvertUITests;
			sourceTree = "<group>";
		};
/* End PBXGroup section */

/* Begin PBXNativeTarget section */
		D3E2170E24D30F820092E727 /* EmageConvert */ = {
			isa = PBXNativeTarget;
			buildConfigurationList = D3E2173924D30F830092E727 /* Build configuration list for PBXNativeTarget "EmageConvert" */;
			buildPhases = (
				D3E2170B24D30F820092E727 /* Sources */,
				D3E2170C24D30F820092E727 /* Frameworks */,
				D3E2170D24D30F820092E727 /* Resources */,
			);
			buildRules = (
			);
			dependencies = (
			);
			name = EmageConvert;
			productName = EmageConvert;
			productReference = D3E2170F24D30F820092E727 /* EmageConvert.app */;
			productType = "com.apple.product-type.application";
		};
		D3E2172424D30F830092E727 /* EmageConvertTests */ = {
			isa = PBXNativeTarget;
			buildConfigurationList = D3E2173C24D30F830092E727 /* Build configuration list for PBXNativeTarget "EmageConvertTests" */;
			buildPhases = (
				D3E2172124D30F830092E727 /* Sources */,
				D3E2172224D30F830092E727 /* Frameworks */,
				D3E2172324D30F830092E727 /* Resources */,
			);
			buildRules = (
			);
			dependencies = (
				D3E2172724D30F830092E727 /* PBXTargetDependency */,
			);
			name = EmageConvertTests;
			productName = EmageConvertTests;
			productReference = D3E2172524D30F830092E727 /* EmageConvertTests.xctest */;
			productType = "com.apple.product-type.bundle.unit-test";
		};
		D3E2172F24D30F830092E727 /* EmageConvertUITests */ = {
			isa = PBXNativeTarget;
			buildConfigurationList = D3E2173F24D30F830092E727 /* Build configuration list for PBXNativeTarget "EmageConvertUITests" */;
			buildPhases = (
				D3E2172C24D30F830092E727 /* Sources */,
				D3E2172D24D30F830092E727 /* Frameworks */,
				D3E2172E24D30F830092E727 /* Resources */,
			);
			buildRules = (
			);
			dependencies = (
				D3E2173224D30F830092E727 /* PBXTargetDependency */,
			);
			name = EmageConvertUITests;
			productName = EmageConvertUITests;
			productReference = D3E2173024D30F830092E727 /* EmageConvertUITests.xctest */;
			productType = "com.apple.product-type.bundle.ui-testing";
		};
/* End PBXNativeTarget section */

/* Begin PBXProject section */
		D3E2170724D30F820092E727 /* Project object */ = {
			isa = PBXProject;
			attributes = {
				LastSwiftUpdateCheck = 1160;
				LastUpgradeCheck = 1160;
				ORGANIZATIONNAME = "Fumiya Tanaka";
				TargetAttributes = {
					D3E2170E24D30F820092E727 = {
						CreatedOnToolsVersion = 11.6;
					};
					D3E2172424D30F830092E727 = {
						CreatedOnToolsVersion = 11.6;
						TestTargetID = D3E2170E24D30F820092E727;
					};
					D3E2172F24D30F830092E727 = {
						CreatedOnToolsVersion = 11.6;
						TestTargetID = D3E2170E24D30F820092E727;
					};
				};
			};
			buildConfigurationList = D3E2170A24D30F820092E727 /* Build configuration list for PBXProject "EmageConvert" */;
			compatibilityVersion = "Xcode 9.3";
			developmentRegion = en;
			hasScannedForEncodings = 0;
			knownRegions = (
				en,
				Base,
			);
			mainGroup = D3E2170624D30F820092E727;
			productRefGroup = D3E2171024D30F820092E727 /* Products */;
			projectDirPath = "";
			projectRoot = "";
			targets = (
				D3E2170E24D30F820092E727 /* EmageConvert */,
				D3E2172424D30F830092E727 /* EmageConvertTests */,
				D3E2172F24D30F830092E727 /* EmageConvertUITests */,
			);
		};
/* End PBXProject section */

/* Begin PBXResourcesBuildPhase section */
		D3E2170D24D30F820092E727 /* Resources */ = {
			isa = PBXResourcesBuildPhase;
			buildActionMask = 2147483647;
			files = (
				D3E2171F24D30F830092E727 /* LaunchScreen.storyboard in Resources */,
				D3E2171C24D30F830092E727 /* Assets.xcassets in Resources */,
				D3E2171A24D30F820092E727 /* Main.storyboard in Resources */,
			);
			runOnlyForDeploymentPostprocessing = 0;
		};
		D3E2172324D30F830092E727 /* Resources */ = {
			isa = PBXResourcesBuildPhase;
			buildActionMask = 2147483647;
			files = (
			);
			runOnlyForDeploymentPostprocessing = 0;
		};
		D3E2172E24D30F830092E727 /* Resources */ = {
			isa = PBXResourcesBuildPhase;
			buildActionMask = 2147483647;
			files = (
			);
			runOnlyForDeploymentPostprocessing = 0;
		};
/* End PBXResourcesBuildPhase section */

/* Begin PBXSourcesBuildPhase section */
		D3E2170B24D30F820092E727 /* Sources */ = {
			isa = PBXSourcesBuildPhase;
			buildActionMask = 2147483647;
			files = (
				D3E2171724D30F820092E727 /* ViewController.swift in Sources */,
				D3E2171324D30F820092E727 /* AppDelegate.swift in Sources */,
				D3E2171524D30F820092E727 /* SceneDelegate.swift in Sources */,
			);
			runOnlyForDeploymentPostprocessing = 0;
		};
		D3E2172124D30F830092E727 /* Sources */ = {
			isa = PBXSourcesBuildPhase;
			buildActionMask = 2147483647;
			files = (
				D3E2172A24D30F830092E727 /* EmageConvertTests.swift in Sources */,
			);
			runOnlyForDeploymentPostprocessing = 0;
		};
		D3E2172C24D30F830092E727 /* Sources */ = {
			isa = PBXSourcesBuildPhase;
			buildActionMask = 2147483647;
			files = (
				D3E2173524D30F830092E727 /* EmageConvertUITests.swift in Sources */,
			);
			runOnlyForDeploymentPostprocessing = 0;
		};
/* End PBXSourcesBuildPhase section */

/* Begin PBXTargetDependency section */
		D3E2172724D30F830092E727 /* PBXTargetDependency */ = {
			isa = PBXTargetDependency;
			target = D3E2170E24D30F820092E727 /* EmageConvert */;
			targetProxy = D3E2172624D30F830092E727 /* PBXContainerItemProxy */;
		};
		D3E2173224D30F830092E727 /* PBXTargetDependency */ = {
			isa = PBXTargetDependency;
			target = D3E2170E24D30F820092E727 /* EmageConvert */;
			targetProxy = D3E2173124D30F830092E727 /* PBXContainerItemProxy */;
		};
/* End PBXTargetDependency section */

/* Begin PBXVariantGroup section */
		D3E2171824D30F820092E727 /* Main.storyboard */ = {
			isa = PBXVariantGroup;
			children = (
				D3E2171924D30F820092E727 /* Base */,
			);
			name = Main.storyboard;
			sourceTree = "<group>";
		};
		D3E2171D24D30F830092E727 /* LaunchScreen.storyboard */ = {
			isa = PBXVariantGroup;
			children = (
				D3E2171E24D30F830092E727 /* Base */,
			);
			name = LaunchScreen.storyboard;
			sourceTree = "<group>";
		};
/* End PBXVariantGroup section */

/* Begin XCBuildConfiguration section */
		D3E2173724D30F830092E727 /* Debug */ = {
			isa = XCBuildConfiguration;
			buildSettings = {
				ALWAYS_SEARCH_USER_PATHS = NO;
				CLANG_ANALYZER_NONNULL = YES;
				CLANG_ANALYZER_NUMBER_OBJECT_CONVERSION = YES_AGGRESSIVE;
				CLANG_CXX_LANGUAGE_STANDARD = "gnu++14";
				CLANG_CXX_LIBRARY = "libc++";
				CLANG_ENABLE_MODULES = YES;
				CLANG_ENABLE_OBJC_ARC = YES;
				CLANG_ENABLE_OBJC_WEAK = YES;
				CLANG_WARN_BLOCK_CAPTURE_AUTORELEASING = YES;
				CLANG_WARN_BOOL_CONVERSION = YES;
				CLANG_WARN_COMMA = YES;
				CLANG_WARN_CONSTANT_CONVERSION = YES;
				CLANG_WARN_DEPRECATED_OBJC_IMPLEMENTATIONS = YES;
				CLANG_WARN_DIRECT_OBJC_ISA_USAGE = YES_ERROR;
				CLANG_WARN_DOCUMENTATION_COMMENTS = YES;
				CLANG_WARN_EMPTY_BODY = YES;
				CLANG_WARN_ENUM_CONVERSION = YES;
				CLANG_WARN_INFINITE_RECURSION = YES;
				CLANG_WARN_INT_CONVERSION = YES;
				CLANG_WARN_NON_LITERAL_NULL_CONVERSION = YES;
				CLANG_WARN_OBJC_IMPLICIT_RETAIN_SELF = YES;
				CLANG_WARN_OBJC_LITERAL_CONVERSION = YES;
				CLANG_WARN_OBJC_ROOT_CLASS = YES_ERROR;
				CLANG_WARN_RANGE_LOOP_ANALYSIS = YES;
				CLANG_WARN_STRICT_PROTOTYPES = YES;
				CLANG_WARN_SUSPICIOUS_MOVE = YES;
				CLANG_WARN_UNGUARDED_AVAILABILITY = YES_AGGRESSIVE;
				CLANG_WARN_UNREACHABLE_CODE = YES;
				CLANG_WARN__DUPLICATE_METHOD_MATCH = YES;
				COPY_PHASE_STRIP = NO;
				DEBUG_INFORMATION_FORMAT = dwarf;
				ENABLE_STRICT_OBJC_MSGSEND = YES;
				ENABLE_TESTABILITY = YES;
				GCC_C_LANGUAGE_STANDARD = gnu11;
				GCC_DYNAMIC_NO_PIC = NO;
				GCC_NO_COMMON_BLOCKS = YES;
				GCC_OPTIMIZATION_LEVEL = 0;
				GCC_PREPROCESSOR_DEFINITIONS = (
					"DEBUG=1",
					"$(inherited)",
				);
				GCC_WARN_64_TO_32_BIT_CONVERSION = YES;
				GCC_WARN_ABOUT_RETURN_TYPE = YES_ERROR;
				GCC_WARN_UNDECLARED_SELECTOR = YES;
				GCC_WARN_UNINITIALIZED_AUTOS = YES_AGGRESSIVE;
				GCC_WARN_UNUSED_FUNCTION = YES;
				GCC_WARN_UNUSED_VARIABLE = YES;
				IPHONEOS_DEPLOYMENT_TARGET = 13.6;
				MTL_ENABLE_DEBUG_INFO = INCLUDE_SOURCE;
				MTL_FAST_MATH = YES;
				ONLY_ACTIVE_ARCH = YES;
				SDKROOT = iphoneos;
				SWIFT_ACTIVE_COMPILATION_CONDITIONS = DEBUG;
				SWIFT_OPTIMIZATION_LEVEL = "-Onone";
			};
			name = Debug;
		};
		D3E2173824D30F830092E727 /* Release */ = {
			isa = XCBuildConfiguration;
			buildSettings = {
				ALWAYS_SEARCH_USER_PATHS = NO;
				CLANG_ANALYZER_NONNULL = YES;
				CLANG_ANALYZER_NUMBER_OBJECT_CONVERSION = YES_AGGRESSIVE;
				CLANG_CXX_LANGUAGE_STANDARD = "gnu++14";
				CLANG_CXX_LIBRARY = "libc++";
				CLANG_ENABLE_MODULES = YES;
				CLANG_ENABLE_OBJC_ARC = YES;
				CLANG_ENABLE_OBJC_WEAK = YES;
				CLANG_WARN_BLOCK_CAPTURE_AUTORELEASING = YES;
				CLANG_WARN_BOOL_CONVERSION = YES;
				CLANG_WARN_COMMA = YES;
				CLANG_WARN_CONSTANT_CONVERSION = YES;
				CLANG_WARN_DEPRECATED_OBJC_IMPLEMENTATIONS = YES;
				CLANG_WARN_DIRECT_OBJC_ISA_USAGE = YES_ERROR;
				CLANG_WARN_DOCUMENTATION_COMMENTS = YES;
				CLANG_WARN_EMPTY_BODY = YES;
				CLANG_WARN_ENUM_CONVERSION = YES;
				CLANG_WARN_INFINITE_RECURSION = YES;
				CLANG_WARN_INT_CONVERSION = YES;
				CLANG_WARN_NON_LITERAL_NULL_CONVERSION = YES;
				CLANG_WARN_OBJC_IMPLICIT_RETAIN_SELF = YES;
				CLANG_WARN_OBJC_LITERAL_CONVERSION = YES;
				CLANG_WARN_OBJC_ROOT_CLASS = YES_ERROR;
				CLANG_WARN_RANGE_LOOP_ANALYSIS = YES;
				CLANG_WARN_STRICT_PROTOTYPES = YES;
				CLANG_WARN_SUSPICIOUS_MOVE = YES;
				CLANG_WARN_UNGUARDED_AVAILABILITY = YES_AGGRESSIVE;
				CLANG_WARN_UNREACHABLE_CODE = YES;
				CLANG_WARN__DUPLICATE_METHOD_MATCH = YES;
				COPY_PHASE_STRIP = NO;
				DEBUG_INFORMATION_FORMAT = "dwarf-with-dsym";
				ENABLE_NS_ASSERTIONS = NO;
				ENABLE_STRICT_OBJC_MSGSEND = YES;
				GCC_C_LANGUAGE_STANDARD = gnu11;
				GCC_NO_COMMON_BLOCKS = YES;
				GCC_WARN_64_TO_32_BIT_CONVERSION = YES;
				GCC_WARN_ABOUT_RETURN_TYPE = YES_ERROR;
				GCC_WARN_UNDECLARED_SELECTOR = YES;
				GCC_WARN_UNINITIALIZED_AUTOS = YES_AGGRESSIVE;
				GCC_WARN_UNUSED_FUNCTION = YES;
				GCC_WARN_UNUSED_VARIABLE = YES;
				IPHONEOS_DEPLOYMENT_TARGET = 13.6;
				MTL_ENABLE_DEBUG_INFO = NO;
				MTL_FAST_MATH = YES;
				SDKROOT = iphoneos;
				SWIFT_COMPILATION_MODE = wholemodule;
				SWIFT_OPTIMIZATION_LEVEL = "-O";
				VALIDATE_PRODUCT = YES;
			};
			name = Release;
		};
		D3E2173A24D30F830092E727 /* Debug */ = {
			isa = XCBuildConfiguration;
			buildSettings = {
				ASSETCATALOG_COMPILER_APPICON_NAME = AppIcon;
				CODE_SIGN_STYLE = Automatic;
				DEVELOPMENT_TEAM = 2X6AD4W323;
				INFOPLIST_FILE = EmageConvert/Info.plist;
				LD_RUNPATH_SEARCH_PATHS = (
					"$(inherited)",
					"@executable_path/Frameworks",
				);
				PRODUCT_BUNDLE_IDENTIFIER = dev.fummicc1.EmageConvert;
				PRODUCT_NAME = "$(TARGET_NAME)";
				SWIFT_VERSION = 5.0;
				TARGETED_DEVICE_FAMILY = "1,2";
			};
			name = Debug;
		};
		D3E2173B24D30F830092E727 /* Release */ = {
			isa = XCBuildConfiguration;
			buildSettings = {
				ASSETCATALOG_COMPILER_APPICON_NAME = AppIcon;
				CODE_SIGN_STYLE = Automatic;
				DEVELOPMENT_TEAM = 2X6AD4W323;
				INFOPLIST_FILE = EmageConvert/Info.plist;
				LD_RUNPATH_SEARCH_PATHS = (
					"$(inherited)",
					"@executable_path/Frameworks",
				);
				PRODUCT_BUNDLE_IDENTIFIER = dev.fummicc1.EmageConvert;
				PRODUCT_NAME = "$(TARGET_NAME)";
				SWIFT_VERSION = 5.0;
				TARGETED_DEVICE_FAMILY = "1,2";
			};
			name = Release;
		};
		D3E2173D24D30F830092E727 /* Debug */ = {
			isa = XCBuildConfiguration;
			buildSettings = {
				ALWAYS_EMBED_SWIFT_STANDARD_LIBRARIES = YES;
				BUNDLE_LOADER = "$(TEST_HOST)";
				CODE_SIGN_STYLE = Automatic;
				DEVELOPMENT_TEAM = 2X6AD4W323;
				INFOPLIST_FILE = EmageConvertTests/Info.plist;
				IPHONEOS_DEPLOYMENT_TARGET = 13.6;
				LD_RUNPATH_SEARCH_PATHS = (
					"$(inherited)",
					"@executable_path/Frameworks",
					"@loader_path/Frameworks",
				);
				PRODUCT_BUNDLE_IDENTIFIER = dev.fummicc1.EmageConvertTests;
				PRODUCT_NAME = "$(TARGET_NAME)";
				SWIFT_VERSION = 5.0;
				TARGETED_DEVICE_FAMILY = "1,2";
				TEST_HOST = "$(BUILT_PRODUCTS_DIR)/EmageConvert.app/EmageConvert";
			};
			name = Debug;
		};
		D3E2173E24D30F830092E727 /* Release */ = {
			isa = XCBuildConfiguration;
			buildSettings = {
				ALWAYS_EMBED_SWIFT_STANDARD_LIBRARIES = YES;
				BUNDLE_LOADER = "$(TEST_HOST)";
				CODE_SIGN_STYLE = Automatic;
				DEVELOPMENT_TEAM = 2X6AD4W323;
				INFOPLIST_FILE = EmageConvertTests/Info.plist;
				IPHONEOS_DEPLOYMENT_TARGET = 13.6;
				LD_RUNPATH_SEARCH_PATHS = (
					"$(inherited)",
					"@executable_path/Frameworks",
					"@loader_path/Frameworks",
				);
				PRODUCT_BUNDLE_IDENTIFIER = dev.fummicc1.EmageConvertTests;
				PRODUCT_NAME = "$(TARGET_NAME)";
				SWIFT_VERSION = 5.0;
				TARGETED_DEVICE_FAMILY = "1,2";
				TEST_HOST = "$(BUILT_PRODUCTS_DIR)/EmageConvert.app/EmageConvert";
			};
			name = Release;
		};
		D3E2174024D30F830092E727 /* Debug */ = {
			isa = XCBuildConfiguration;
			buildSettings = {
				ALWAYS_EMBED_SWIFT_STANDARD_LIBRARIES = YES;
				CODE_SIGN_STYLE = Automatic;
				DEVELOPMENT_TEAM = 2X6AD4W323;
				INFOPLIST_FILE = EmageConvertUITests/Info.plist;
				LD_RUNPATH_SEARCH_PATHS = (
					"$(inherited)",
					"@executable_path/Frameworks",
					"@loader_path/Frameworks",
				);
				PRODUCT_BUNDLE_IDENTIFIER = dev.fummicc1.EmageConvertUITests;
				PRODUCT_NAME = "$(TARGET_NAME)";
				SWIFT_VERSION = 5.0;
				TARGETED_DEVICE_FAMILY = "1,2";
				TEST_TARGET_NAME = EmageConvert;
			};
			name = Debug;
		};
		D3E2174124D30F830092E727 /* Release */ = {
			isa = XCBuildConfiguration;
			buildSettings = {
				ALWAYS_EMBED_SWIFT_STANDARD_LIBRARIES = YES;
				CODE_SIGN_STYLE = Automatic;
				DEVELOPMENT_TEAM = 2X6AD4W323;
				INFOPLIST_FILE = EmageConvertUITests/Info.plist;
				LD_RUNPATH_SEARCH_PATHS = (
					"$(inherited)",
					"@executable_path/Frameworks",
					"@loader_path/Frameworks",
				);
				PRODUCT_BUNDLE_IDENTIFIER = dev.fummicc1.EmageConvertUITests;
				PRODUCT_NAME = "$(TARGET_NAME)";
				SWIFT_VERSION = 5.0;
				TARGETED_DEVICE_FAMILY = "1,2";
				TEST_TARGET_NAME = EmageConvert;
			};
			name = Release;
		};
/* End XCBuildConfiguration section */

/* Begin XCConfigurationList section */
		D3E2170A24D30F820092E727 /* Build configuration list for PBXProject "EmageConvert" */ = {
			isa = XCConfigurationList;
			buildConfigurations = (
				D3E2173724D30F830092E727 /* Debug */,
				D3E2173824D30F830092E727 /* Release */,
			);
			defaultConfigurationIsVisible = 0;
			defaultConfigurationName = Release;
		};
		D3E2173924D30F830092E727 /* Build configuration list for PBXNativeTarget "EmageConvert" */ = {
			isa = XCConfigurationList;
			buildConfigurations = (
				D3E2173A24D30F830092E727 /* Debug */,
				D3E2173B24D30F830092E727 /* Release */,
			);
			defaultConfigurationIsVisible = 0;
			defaultConfigurationName = Release;
		};
		D3E2173C24D30F830092E727 /* Build configuration list for PBXNativeTarget "EmageConvertTests" */ = {
			isa = XCConfigurationList;
			buildConfigurations = (
				D3E2173D24D30F830092E727 /* Debug */,
				D3E2173E24D30F830092E727 /* Release */,
			);
			defaultConfigurationIsVisible = 0;
			defaultConfigurationName = Release;
		};
		D3E2173F24D30F830092E727 /* Build configuration list for PBXNativeTarget "EmageConvertUITests" */ = {
			isa = XCConfigurationList;
			buildConfigurations = (
				D3E2174024D30F830092E727 /* Debug */,
				D3E2174124D30F830092E727 /* Release */,
			);
			defaultConfigurationIsVisible = 0;
			defaultConfigurationName = Release;
		};
/* End XCConfigurationList section */
	};
	rootObject = D3E2170724D30F820092E727 /* Project object */;
}
